
Microsoft Visual Studio Solution File, Format Version 12.00
# Visual Studio Version 17
VisualStudioVersion = 17.5.33530.505
MinimumVisualStudioVersion = 10.0.40219.1
Project("{FAE04EC0-301F-11D3-BF4B-00C04F79EFBC}") = "AreaCalculation", "AreaCalculation\AreaCalculation.csproj", "{1E5895D5-43DA-4852-8A0B-B4BB4D086118}"
EndProject
Project("{FAE04EC0-301F-11D3-BF4B-00C04F79EFBC}") = "UnitTests", "UnitTests\UnitTests.csproj", "{77786915-7F65-47BC-A165-DDFC2334CC98}"
EndProject
Global
	GlobalSection(SolutionConfigurationPlatforms) = preSolution
		Debug|Any CPU = Debug|Any CPU
		Release|Any CPU = Release|Any CPU
	EndGlobalSection
	GlobalSection(ProjectConfigurationPlatforms) = postSolution
		{1E5895D5-43DA-4852-8A0B-B4BB4D086118}.Debug|Any CPU.ActiveCfg = Debug|Any CPU
		{1E5895D5-43DA-4852-8A0B-B4BB4D086118}.Debug|Any CPU.Build.0 = Debug|Any CPU
		{1E5895D5-43DA-4852-8A0B-B4BB4D086118}.Release|Any CPU.ActiveCfg = Release|Any CPU
		{1E5895D5-43DA-4852-8A0B-B4BB4D086118}.Release|Any CPU.Build.0 = Release|Any CPU
		{77786915-7F65-47BC-A165-DDFC2334CC98}.Debug|Any CPU.ActiveCfg = Debug|Any CPU
		{77786915-7F65-47BC-A165-DDFC2334CC98}.Debug|Any CPU.Build.0 = Debug|Any CPU
		{77786915-7F65-47BC-A165-DDFC2334CC98}.Release|Any CPU.ActiveCfg = Release|Any CPU
		{77786915-7F65-47BC-A165-DDFC2334CC98}.Release|Any CPU.Build.0 = Release|Any CPU
	EndGlobalSection
	GlobalSection(SolutionProperties) = preSolution
		HideSolutionNode = FALSE
	EndGlobalSection
	GlobalSection(ExtensibilityGlobals) = postSolution
		SolutionGuid = {1A5EE855-FD20-4EF7-93E4-1A445A5FCE95}
	EndGlobalSection
EndGlobal
